{
  "version": 1,
  "dependencies": {
    "net9.0-windows10.0.17763": {
      "Microsoft.Extensions.FileProviders.Embedded": {
        "type": "Direct",
        "requested": "[9.0.8, )",
        "resolved": "9.0.8",
        "contentHash": "LVm1o08C5eSB+WvhOEtp/cm/I3s7bCoYisTBYKgR3KEfHXkKfvkLPXfg4CNHYkxPqZ4T/XuGENDLtbhDywGFHA==",
        "dependencies": {
          "Microsoft.Extensions.FileProviders.Abstractions": "9.0.8"
        }
      },
      "NAudio": {
        "type": "Direct",
        "requested": "[2.2.1, )",
        "resolved": "2.2.1",
        "contentHash": "c0DzwiyyklM0TP39Y7RObwO3QkWecgM6H60ikiEnsV/aEAJPbj5MFCLaD8BSfKuZe0HGuh9GRGWWlJmSxDc9MA==",
        "dependencies": {
          "NAudio.Asio": "2.2.1",
          "NAudio.Core": "2.2.1",
          "NAudio.Midi": "2.2.1",
          "NAudio.Wasapi": "2.2.1",
          "NAudio.WinForms": "2.2.1",
          "NAudio.WinMM": "2.2.1"
        }
      },
      "Photino.NET": {
        "type": "Direct",
        "requested": "[4.0.16, )",
        "resolved": "4.0.16",
        "contentHash": "2oTFsxt8XpLlVvtChlBD8HzLw6MgfHF+DQ4aLEDfgc4GbYjumEywB1JMfWDChm2Whfkr4ZF7DV2deRrpitiBcw==",
        "dependencies": {
          "Photino.Native": "4.0.22"
        }
      },
      "Photino.NET.Server": {
        "type": "Direct",
        "requested": "[4.0.12, )",
        "resolved": "4.0.12",
        "contentHash": "m6tUz9CAOkvPWo48xnJj7HZGh8OvEQTpJ1zf96HkT4DB17R1u6xqYRWg55jH5u/HJOgYngHfMYiGcxpTNXwRGQ=="
      },
      "Serilog": {
        "type": "Direct",
        "requested": "[4.3.0, )",
        "resolved": "4.3.0",
        "contentHash": "+cDryFR0GRhsGOnZSKwaDzRRl4MupvJ42FhCE4zhQRVanX0Jpg6WuCBk59OVhVDPmab1bB+nRykAnykYELA9qQ=="
      },
      "Serilog.Sinks.Console": {
        "type": "Direct",
        "requested": "[6.0.0, )",
        "resolved": "6.0.0",
        "contentHash": "fQGWqVMClCP2yEyTXPIinSr5c+CBGUvBybPxjAGcf7ctDhadFhrQw03Mv8rJ07/wR5PDfFjewf2LimvXCDzpbA==",
        "dependencies": {
          "Serilog": "4.0.0"
        }
      },
      "Serilog.Sinks.Debug": {
        "type": "Direct",
        "requested": "[3.0.0, )",
        "resolved": "3.0.0",
        "contentHash": "4BzXcdrgRX7wde9PmHuYd9U6YqycCC28hhpKonK7hx0wb19eiuRj16fPcPSVp0o/Y1ipJuNLYQ00R3q2Zs8FDA==",
        "dependencies": {
          "Serilog": "4.0.0"
        }
      },
      "Serilog.Sinks.File": {
        "type": "Direct",
        "requested": "[7.0.0, )",
        "resolved": "7.0.0",
        "contentHash": "fKL7mXv7qaiNBUC71ssvn/dU0k9t0o45+qm2XgKAlSt19xF+ijjxyA3R6HmCgfKEKwfcfkwWjayuQtRueZFkYw==",
        "dependencies": {
          "Serilog": "4.2.0"
        }
      },
      "Supabase": {
        "type": "Direct",
        "requested": "[1.1.1, )",
        "resolved": "1.1.1",
        "contentHash": "LW9O05IiZBW3YUDT/gndPKvzT3I7PVgx0j87+AdJu7mT42m7oh2nOnjuDR9pU0E9FE2Ke/QGovrH/u5OjGn7lg==",
        "dependencies": {
          "Newtonsoft.Json": "13.0.3",
          "Supabase.Core": "1.0.0",
          "Supabase.Functions": "2.0.0",
          "Supabase.Gotrue": "6.0.3",
          "Supabase.Postgrest": "4.0.3",
          "Supabase.Realtime": "7.0.2",
          "Supabase.Storage": "2.0.2"
        }
      },
      "System.Management": {
        "type": "Direct",
        "requested": "[9.0.8, )",
        "resolved": "9.0.8",
        "contentHash": "D7icHff0OpEEIOLsTgnPL+Ff1VmJ3tzA8y20LNKgv4hx1MFMA3XGAVlWMCkLQfBkyvEwib6rMG6nP27lf98KRA==",
        "dependencies": {
          "System.CodeDom": "9.0.8"
        }
      },
      "System.Runtime.CompilerServices.Unsafe": {
        "type": "Direct",
        "requested": "[6.1.2, )",
        "resolved": "6.1.2",
        "contentHash": "2hBr6zdbIBTDE3EhK7NSVNdX58uTK6iHW/P/Axmm9sl1xoGSLqDvMtpecn226TNwHByFokYwJmt/aQQNlO5CRw=="
      },
      "Velopack": {
        "type": "Direct",
        "requested": "[0.0.1298, )",
        "resolved": "0.0.1298",
        "contentHash": "PJ6Nm28qJ4ChsHYzgHUJ8g+DGyyHes2+bwxY709+znMhgi8fMp8M1FTF8x6pZMjnsPCWVwoMlxVEyq0NLeRZtA==",
        "dependencies": {
          "NuGet.Versioning": "6.14.0"
        }
      },
      "Vortice.DirectX": {
        "type": "Direct",
        "requested": "[3.6.2, )",
        "resolved": "3.6.2",
        "contentHash": "pa/97U5IHascS/UJzMWFSKIs3wxh36zc8JpI+fzi/JLQk4wfTZur0n/Y9Lcp8i7hsf613Vu/6n6IImWSc9wupw==",
        "dependencies": {
          "SharpGen.Runtime": "2.2.0-beta",
          "SharpGen.Runtime.COM": "2.2.0-beta",
          "Vortice.Mathematics": "1.9.2"
        }
      },
      "Microsoft.Extensions.DependencyInjection.Abstractions": {
        "type": "Transitive",
        "resolved": "8.0.0",
        "contentHash": "cjWrLkJXK0rs4zofsK4bSdg+jhDLTaxrkXu4gS6Y7MAlCvRyNNgwY/lJi5RDlQOnSZweHqoyvgvbdvQsRIW+hg=="
      },
      "Microsoft.Extensions.FileProviders.Abstractions": {
        "type": "Transitive",
        "resolved": "9.0.8",
        "contentHash": "4zZbQ4w+hCMm9J+z5NOj3giIPT2MhZxx05HX/MGuAmDBbjOuXlYIIRN+t4V6OLxy5nXZIcXO+dQMB/OWubuDkw==",
        "dependencies": {
          "Microsoft.Extensions.Primitives": "9.0.8"
        }
      },
      "Microsoft.Extensions.Logging.Abstractions": {
        "type": "Transitive",
        "resolved": "8.0.0",
        "contentHash": "arDBqTgFCyS0EvRV7O3MZturChstm50OJ0y9bDJvAcmEPJm0FFpFyjU/JLYyStNGGey081DvnQYlncNX5SJJGA==",
        "dependencies": {
          "Microsoft.Extensions.DependencyInjection.Abstractions": "8.0.0"
        }
      },
      "Microsoft.Extensions.Primitives": {
        "type": "Transitive",
        "resolved": "9.0.8",
        "contentHash": "tizSIOEsIgSNSSh+hKeUVPK7xmTIjR8s+mJWOu1KXV3htvNQiPMFRMO17OdI1y/4ZApdBVk49u/08QGC9yvLug=="
      },
      "Microsoft.IdentityModel.Abstractions": {
        "type": "Transitive",
        "resolved": "7.5.1",
        "contentHash": "PT16ZFbPIiMsYv07oy3zOjqUOJ7xutGBkJTOX0+IbNyU6+O6X7aIxjq9EaSSRLWbekRgamgtmfg8Xjw6A6Ua9g=="
      },
      "Microsoft.IdentityModel.JsonWebTokens": {
        "type": "Transitive",
        "resolved": "7.5.1",
        "contentHash": "93CGSa8RPdZU8zfvA3nf9NGKUqEnQrE12VzYlMqKh72ddhzusosqLNEUgH/YhFWBLRFOnY1RCgHMV7pR+sAx2w==",
        "dependencies": {
          "Microsoft.IdentityModel.Tokens": "7.5.1"
        }
      },
      "Microsoft.IdentityModel.Logging": {
        "type": "Transitive",
        "resolved": "7.5.1",
        "contentHash": "PnpAQX20BAiDIPYmWUyQSlEaWD8BLXzHpiDGTCT568Cs0ReOeyzNe401LzCeiv6ilug/KefVeV1CeqtCHTo8dw==",
        "dependencies": {
          "Microsoft.IdentityModel.Abstractions": "7.5.1"
        }
      },
      "Microsoft.IdentityModel.Tokens": {
        "type": "Transitive",
        "resolved": "7.5.1",
        "contentHash": "Q3DKpyFViP84IUlTFKH/zIkswIrmSh2Vd/eFDo4wlOHy4DYxoweZEEw4kDEiKt9VCX6o7SddK3HK2xDYyFpexA==",
        "dependencies": {
          "Microsoft.IdentityModel.Logging": "7.5.1"
        }
      },
      "Microsoft.IO.RecyclableMemoryStream": {
        "type": "Transitive",
        "resolved": "3.0.0",
        "contentHash": "irv0HuqoH8Ig5i2fO+8dmDNdFdsrO+DoQcedwIlb810qpZHBNQHZLW7C/AHBQDgLLpw2T96vmMAy/aE4Yj55Sg=="
      },
      "Microsoft.NETCore.Platforms": {
        "type": "Transitive",
        "resolved": "3.1.0",
        "contentHash": "z7aeg8oHln2CuNulfhiLYxCVMPEwBl3rzicjvIX+4sUuCwvXw5oXQEtbiU2c0z4qYL5L3Kmx0mMA/+t/SbY67w=="
      },
      "Microsoft.Win32.Registry": {
        "type": "Transitive",
        "resolved": "4.7.0",
        "contentHash": "KSrRMb5vNi0CWSGG1++id2ZOs/1QhRqROt+qgbEAdQuGjGrFcl4AOl4/exGPUYz2wUnU42nvJqon1T3U0kPXLA==",
        "dependencies": {
          "System.Security.AccessControl": "4.7.0",
          "System.Security.Principal.Windows": "4.7.0"
        }
      },
      "MimeMapping": {
        "type": "Transitive",
        "resolved": "3.0.1",
        "contentHash": "lhYcUVnWKaqrboAwi05YLCx3wdluM9Sr1Mv5Emhgc8c8yNVvdiSEnQJMdDvgb4grlYTaOmbnhYaezoeateX95w=="
      },
      "NAudio.Asio": {
        "type": "Transitive",
        "resolved": "2.2.1",
        "contentHash": "hQglyOT5iT3XuGpBP8ZG0+aoqwRfidHjTNehpoWwX0g6KJEgtH2VaqM2nuJ2mheKZa/IBqB4YQTZVvrIapzfOA==",
        "dependencies": {
          "Microsoft.Win32.Registry": "4.7.0",
          "NAudio.Core": "2.2.1"
        }
      },
      "NAudio.Core": {
        "type": "Transitive",
        "resolved": "2.2.1",
        "contentHash": "GgkdP6K/7FqXFo7uHvoqGZTJvW4z8g2IffhOO4JHaLzKCdDOUEzVKtveoZkCuUX8eV2HAINqi7VFqlFndrnz/g=="
      },
      "NAudio.Midi": {
        "type": "Transitive",
        "resolved": "2.2.1",
        "contentHash": "6r23ylGo5aeP02WFXsPquz0T0hFJWyh+7t++tz19tc3Kr38NHm+Z9j+FiAv+xkH8tZqXJqus9Q8p6u7bidIgbw==",
        "dependencies": {
          "NAudio.Core": "2.2.1"
        }
      },
      "NAudio.Wasapi": {
        "type": "Transitive",
        "resolved": "2.2.1",
        "contentHash": "lFfXoqacZZe0WqNChJgGYI+XV/n/61LzPHT3C1CJp4khoxeo2sziyX5wzNYWeCMNbsWxFvT3b3iXeY1UYjBhZw==",
        "dependencies": {
          "NAudio.Core": "2.2.1"
        }
      },
      "NAudio.WinForms": {
        "type": "Transitive",
        "resolved": "2.2.1",
        "contentHash": "DlDkewY1myY0A+3NrYRJD+MZhZV0yy1mNF6dckB27IQ9XCs/My5Ip8BZcoSHOsaPSe2GAjvoaDnk6N9w8xTv7w==",
        "dependencies": {
          "NAudio.WinMM": "2.2.1"
        }
      },
      "NAudio.WinMM": {
        "type": "Transitive",
        "resolved": "2.2.1",
        "contentHash": "xFHRFwH4x6aq3IxRbewvO33ugJRvZFEOfO62i7uQJRUNW2cnu6BeBTHUS0JD5KBucZbHZaYqxQG8dwZ47ezQuQ==",
        "dependencies": {
          "Microsoft.Win32.Registry": "4.7.0",
          "NAudio.Core": "2.2.1"
        }
      },
      "Newtonsoft.Json": {
        "type": "Transitive",
        "resolved": "13.0.3",
        "contentHash": "HrC5BXdl00IP9zeV+0Z848QWPAoCr9P3bDEZguI+gkLcBKAOxix/tLEAAHC+UvDNPv4a2d18lOReHMOagPa+zQ=="
      },
      "NuGet.Versioning": {
        "type": "Transitive",
        "resolved": "6.14.0",
        "contentHash": "4v4blkhCv8mpKtfx+z0G/X0daVCzdIaHSC51GkUspugi5JIMn2Bo8xm5PdZYF0U68gOBfz/+aPWMnpRd85Jbow=="
      },
      "Photino.Native": {
        "type": "Transitive",
        "resolved": "4.0.22",
        "contentHash": "VIHipEOe4CZ7HElZE8zTwcvANOsCZ2yak/4nQ4LXzjdlwIjdbY8htmHfNR6rRPgWlCfTfT349GCa6V6Id2/Xyg=="
      },
      "SharpGen.Runtime": {
        "type": "Transitive",
        "resolved": "2.2.0-beta",
        "contentHash": "pqf/lAf4jy1iWqkm37JmhoQhBMPVudI/F9qp2zVvzjWAPeSggRIuxGMVEZQ4UQiqtJ1Rf/+j3MVAONGYyCEDzQ=="
      },
      "SharpGen.Runtime.COM": {
        "type": "Transitive",
        "resolved": "2.2.0-beta",
        "contentHash": "4vsXC8ohyVslcUDVBoVXLDkjKprqujh3GWy+DqqULjyZ3GCx7nwRAV5DdrXZxX70iEiKyI3TxW3Qhf/oOXeC1Q==",
        "dependencies": {
          "SharpGen.Runtime": "2.2.0-beta"
        }
      },
      "Supabase.Core": {
        "type": "Transitive",
        "resolved": "1.0.0",
        "contentHash": "fJK3Kfq1alw53AGWHBr+dhPu+BUR5dKuBjGhcxrFRVdsFFFWSD5iPIdTYi0CUQDA2b1OjGudYL1xd51yp4hU9Q=="
      },
      "Supabase.Functions": {
        "type": "Transitive",
        "resolved": "2.0.0",
        "contentHash": "rc6zlo6XFkQw/B9fEgwpXHtmNPrnnHmtc96PTbviBJ9lzqPT/Un/G3V9MltlORtnG2RLkLvvS/t2AXAO8m2SCQ==",
        "dependencies": {
          "Newtonsoft.Json": "13.0.3",
          "Supabase.Core": "1.0.0"
        }
      },
      "Supabase.Gotrue": {
        "type": "Transitive",
        "resolved": "6.0.3",
        "contentHash": "8dkg000ib95bJm0ffDPUrALrefBHrkiqcolNjuUEStF2TeytPbV+OtOUJAMBOqZ2f1nsCY61Ck/7NOmOyGteDw==",
        "dependencies": {
          "Newtonsoft.Json": "13.0.3",
          "Supabase.Core": "1.0.0",
          "System.IdentityModel.Tokens.Jwt": "7.5.1"
        }
      },
      "Supabase.Postgrest": {
        "type": "Transitive",
        "resolved": "4.0.3",
        "contentHash": "hpDIh+E5bDgZiHMuM6l+RDm9WWlt/T3fXXFQoqzlsrJFesFMNzkK9feVBG5egJyL/OlwmxuLsnPkR7O+bV3Vcw==",
        "dependencies": {
          "Newtonsoft.Json": "13.0.3",
          "Supabase.Core": "1.0.0"
        }
      },
      "Supabase.Realtime": {
        "type": "Transitive",
        "resolved": "7.0.2",
        "contentHash": "9nwlR9RR+uyD63VUaiqAPsd76NaeM6ORAHq7otc4G34RzBtf6aqjPg9IF6d1DGIk78/lJP31+D4NJmQhl3PkJQ==",
        "dependencies": {
          "Newtonsoft.Json": "13.0.3",
          "Supabase.Core": "1.0.0",
          "Supabase.Postgrest": "4.0.3",
          "Websocket.Client": "5.1.1"
        }
      },
      "Supabase.Storage": {
        "type": "Transitive",
        "resolved": "2.0.2",
        "contentHash": "YKxgwVgLjxi32ze29FT8aSLifiTVSZSxSyI9taOewp6wuxh+aMIPLKWtGEhFhegLv2iFwGcZ3ybMDkCi6RB7Rw==",
        "dependencies": {
          "MimeMapping": "3.0.1",
          "Newtonsoft.Json": "13.0.3",
          "Supabase.Core": "1.0.0"
        }
      },
      "System.CodeDom": {
        "type": "Transitive",
        "resolved": "9.0.8",
        "contentHash": "kxg1TE/BMUAaMve/lPH9Bds+CFF4JPrN9WkQqHejc7UP6PO4KDAjZNF0uhvpZmoLR+EvHdRt232J++ZDI7aGqA=="
      },
      "System.IdentityModel.Tokens.Jwt": {
        "type": "Transitive",
        "resolved": "7.5.1",
        "contentHash": "UUw+E0R73lZLlXgneYIJQxNs1kfbcxjVzw64JQyiwjqCd4HMpAbjn+xRo86QZT84uHq8/MkqvfH82tgjgPzpuw==",
        "dependencies": {
          "Microsoft.IdentityModel.JsonWebTokens": "7.5.1",
          "Microsoft.IdentityModel.Tokens": "7.5.1"
        }
      },
      "System.Reactive": {
        "type": "Transitive",
        "resolved": "6.0.0",
        "contentHash": "31kfaW4ZupZzPsI5PVe77VhnvFF55qgma7KZr/E0iFTs6fmdhhG8j0mgEx620iLTey1EynOkEfnyTjtNEpJzGw=="
      },
      "System.Security.AccessControl": {
        "type": "Transitive",
        "resolved": "4.7.0",
        "contentHash": "JECvTt5aFF3WT3gHpfofL2MNNP6v84sxtXxpqhLBCcDRzqsPBmHhQ6shv4DwwN2tRlzsUxtb3G9M3763rbXKDg==",
        "dependencies": {
          "Microsoft.NETCore.Platforms": "3.1.0",
          "System.Security.Principal.Windows": "4.7.0"
        }
      },
      "System.Security.Principal.Windows": {
        "type": "Transitive",
        "resolved": "4.7.0",
        "contentHash": "ojD0PX0XhneCsUbAZVKdb7h/70vyYMDYs85lwEI+LngEONe/17A0cFaRFqZU+sOEidcVswYWikYOQ9PPfjlbtQ=="
      },
      "System.Threading.Channels": {
        "type": "Transitive",
        "resolved": "8.0.0",
        "contentHash": "CMaFr7v+57RW7uZfZkPExsPB6ljwzhjACWW1gfU35Y56rk72B/Wu+sTqxVmGSk4SFUlPc3cjeKND0zktziyjBA=="
      },
      "Vortice.Mathematics": {
        "type": "Transitive",
        "resolved": "1.9.2",
        "contentHash": "+fS68BN4Kn1g+Roh7qnuBdXnVrfpr9DpwPMsqe27J04nDCFUuhEvo+T5PqXU1lZwn8sLlNayWCx/U6w4gWCvuA=="
      },
      "Websocket.Client": {
        "type": "Transitive",
        "resolved": "5.1.1",
        "contentHash": "VpQV6b8HRnw6bFFIPTOOMtOxba3/viH9K2U2LdOYNjQ2b2HrLHxjodmJr3nPwyNSrtrRPr1RDwOMJ5qqlPnCVg==",
        "dependencies": {
          "Microsoft.Extensions.Logging.Abstractions": "8.0.0",
          "Microsoft.IO.RecyclableMemoryStream": "3.0.0",
          "System.Reactive": "6.0.0",
          "System.Threading.Channels": "8.0.0"
        }
      }
    }
  }
}